id: basic_block
label: Default blocks
migration_group: default
source:
  plugin: csv
  path: 'modules/custom/ddd_fixtures/sources/block.csv'
  keys:
    - id
  header_row_count: 1
  enclosure: '$'
destination:
  plugin: entity:block_content
  no_stub: true
process:
  id: id
  uuid: uuid
  type:
    plugin: default_value
    default_value: basic
  info: title
  "body/value": body
  "body/format":
    plugin: default_value
    default_value: full_html
